// !$*UTF8*$!
{
	archiveVersion = 1;
	classes = {
	};
	objectVersion = 50;
	objects = {

/* Begin PBXBuildFile section */
		CA1C0A182663643A000D95B8 /* AppDelegate.swift in Sources */ = {isa = PBXBuildFile; fileRef = CA1C0A172663643A000D95B8 /* AppDelegate.swift */; };
		CA1C0A1A2663643A000D95B8 /* SceneDelegate.swift in Sources */ = {isa = PBXBuildFile; fileRef = CA1C0A192663643A000D95B8 /* SceneDelegate.swift */; };
		CA1C0A1C2663643A000D95B8 /* ViewController.swift in Sources */ = {isa = PBXBuildFile; fileRef = CA1C0A1B2663643A000D95B8 /* ViewController.swift */; };
		CA1C0A1F2663643A000D95B8 /* Main.storyboard in Resources */ = {isa = PBXBuildFile; fileRef = CA1C0A1D2663643A000D95B8 /* Main.storyboard */; };
		CA1C0A212663643D000D95B8 /* Assets.xcassets in Resources */ = {isa = PBXBuildFile; fileRef = CA1C0A202663643D000D95B8 /* Assets.xcassets */; };
		CA1C0A242663643D000D95B8 /* LaunchScreen.storyboard in Resources */ = {isa = PBXBuildFile; fileRef = CA1C0A222663643D000D95B8 /* LaunchScreen.storyboard */; };
		CA1C0A2C266364E7000D95B8 /* LoginFormController.swift in Sources */ = {isa = PBXBuildFile; fileRef = CA1C0A2B266364E7000D95B8 /* LoginFormController.swift */; };
		CA5A8D6A266CE6AD00D7E3DB /* FriendTableViewCell.swift in Sources */ = {isa = PBXBuildFile; fileRef = CA5A8D69266CE6AD00D7E3DB /* FriendTableViewCell.swift */; };
		CA5A8D6E266CE7ED00D7E3DB /* User.swift in Sources */ = {isa = PBXBuildFile; fileRef = CA5A8D6D266CE7ED00D7E3DB /* User.swift */; };
		CA68B5F5266BD9C000BE0DE7 /* FriendsTableViewController.swift in Sources */ = {isa = PBXBuildFile; fileRef = CA68B5F4266BD9C000BE0DE7 /* FriendsTableViewController.swift */; };
		CA68B5F7266BDE0800BE0DE7 /* FriendsCollectionViewController.swift in Sources */ = {isa = PBXBuildFile; fileRef = CA68B5F6266BDE0800BE0DE7 /* FriendsCollectionViewController.swift */; };
		CAF07183266BFD43006B8BD3 /* FriendsCollectionViewCell.swift in Sources */ = {isa = PBXBuildFile; fileRef = CAF07182266BFD43006B8BD3 /* FriendsCollectionViewCell.swift */; };
		CAF07186266C0912006B8BD3 /* GroupTableViewController.swift in Sources */ = {isa = PBXBuildFile; fileRef = CAF07185266C0912006B8BD3 /* GroupTableViewController.swift */; };
		CAF07189266C0BB3006B8BD3 /* AllGroupsTableViewController.swift in Sources */ = {isa = PBXBuildFile; fileRef = CAF07188266C0BB3006B8BD3 /* AllGroupsTableViewController.swift */; };
/* End PBXBuildFile section */

/* Begin PBXFileReference section */
		CA1C0A142663643A000D95B8 /* vkgb.app */ = {isa = PBXFileReference; explicitFileType = wrapper.application; includeInIndex = 0; path = vkgb.app; sourceTree = BUILT_PRODUCTS_DIR; };
		CA1C0A172663643A000D95B8 /* AppDelegate.swift */ = {isa = PBXFileReference; lastKnownFileType = sourcecode.swift; path = AppDelegate.swift; sourceTree = "<group>"; };
		CA1C0A192663643A000D95B8 /* SceneDelegate.swift */ = {isa = PBXFileReference; lastKnownFileType = sourcecode.swift; path = SceneDelegate.swift; sourceTree = "<group>"; };
		CA1C0A1B2663643A000D95B8 /* ViewController.swift */ = {isa = PBXFileReference; lastKnownFileType = sourcecode.swift; path = ViewController.swift; sourceTree = "<group>"; };
		CA1C0A1E2663643A000D95B8 /* Base */ = {isa = PBXFileReference; lastKnownFileType = file.storyboard; name = Base; path = Base.lproj/Main.storyboard; sourceTree = "<group>"; };
		CA1C0A202663643D000D95B8 /* Assets.xcassets */ = {isa = PBXFileReference; lastKnownFileType = folder.assetcatalog; path = Assets.xcassets; sourceTree = "<group>"; };
		CA1C0A232663643D000D95B8 /* Base */ = {isa = PBXFileReference; lastKnownFileType = file.storyboard; name = Base; path = Base.lproj/LaunchScreen.storyboard; sourceTree = "<group>"; };
		CA1C0A252663643D000D95B8 /* Info.plist */ = {isa = PBXFileReference; lastKnownFileType = text.plist.xml; path = Info.plist; sourceTree = "<group>"; };
		CA1C0A2B266364E7000D95B8 /* LoginFormController.swift */ = {isa = PBXFileReference; lastKnownFileType = sourcecode.swift; path = LoginFormController.swift; sourceTree = "<group>"; };
		CA5A8D69266CE6AD00D7E3DB /* FriendTableViewCell.swift */ = {isa = PBXFileReference; lastKnownFileType = sourcecode.swift; path = FriendTableViewCell.swift; sourceTree = "<group>"; };
		CA5A8D6D266CE7ED00D7E3DB /* User.swift */ = {isa = PBXFileReference; lastKnownFileType = sourcecode.swift; path = User.swift; sourceTree = "<group>"; };
		CA68B5F4266BD9C000BE0DE7 /* FriendsTableViewController.swift */ = {isa = PBXFileReference; lastKnownFileType = sourcecode.swift; path = FriendsTableViewController.swift; sourceTree = "<group>"; };
		CA68B5F6266BDE0800BE0DE7 /* FriendsCollectionViewController.swift */ = {isa = PBXFileReference; lastKnownFileType = sourcecode.swift; path = FriendsCollectionViewController.swift; sourceTree = "<group>"; };
		CAF07182266BFD43006B8BD3 /* FriendsCollectionViewCell.swift */ = {isa = PBXFileReference; lastKnownFileType = sourcecode.swift; path = FriendsCollectionViewCell.swift; sourceTree = "<group>"; };
		CAF07185266C0912006B8BD3 /* GroupTableViewController.swift */ = {isa = PBXFileReference; lastKnownFileType = sourcecode.swift; path = GroupTableViewController.swift; sourceTree = "<group>"; };
		CAF07188266C0BB3006B8BD3 /* AllGroupsTableViewController.swift */ = {isa = PBXFileReference; lastKnownFileType = sourcecode.swift; path = AllGroupsTableViewController.swift; sourceTree = "<group>"; };
/* End PBXFileReference section */

/* Begin PBXFrameworksBuildPhase section */
		CA1C0A112663643A000D95B8 /* Frameworks */ = {
			isa = PBXFrameworksBuildPhase;
			buildActionMask = 2147483647;
			files = (
			);
			runOnlyForDeploymentPostprocessing = 0;
		};
/* End PBXFrameworksBuildPhase section */

/* Begin PBXGroup section */
		CA1C0A0B2663643A000D95B8 = {
			isa = PBXGroup;
			children = (
				CA1C0A162663643A000D95B8 /* vkgb */,
				CA1C0A152663643A000D95B8 /* Products */,
			);
			sourceTree = "<group>";
		};
		CA1C0A152663643A000D95B8 /* Products */ = {
			isa = PBXGroup;
			children = (
				CA1C0A142663643A000D95B8 /* vkgb.app */,
			);
			name = Products;
			sourceTree = "<group>";
		};
		CA1C0A162663643A000D95B8 /* vkgb */ = {
			isa = PBXGroup;
			children = (
				CA1C0A172663643A000D95B8 /* AppDelegate.swift */,
				CA1C0A192663643A000D95B8 /* SceneDelegate.swift */,
				CA1C0A1B2663643A000D95B8 /* ViewController.swift */,
				CA1C0A2B266364E7000D95B8 /* LoginFormController.swift */,
				CA1C0A1D2663643A000D95B8 /* Main.storyboard */,
				CA1C0A202663643D000D95B8 /* Assets.xcassets */,
				CA1C0A222663643D000D95B8 /* LaunchScreen.storyboard */,
				CA1C0A252663643D000D95B8 /* Info.plist */,
				CA5A8D6C266CE76D00D7E3DB /* Models */,
				CA5A8D6B266CE76200D7E3DB /* Controllers */,
			);
			path = vkgb;
			sourceTree = "<group>";
		};
		CA391080266B88720070D4AE /* MyFriends */ = {
			isa = PBXGroup;
			children = (
				CAEDA6E0266B9EFA009878E2 /* Controller */,
			);
			path = MyFriends;
			sourceTree = "<group>";
		};
		CA5A8D6B266CE76200D7E3DB /* Controllers */ = {
			isa = PBXGroup;
			children = (
				CAF07187266C0B81006B8BD3 /* AllGroups */,
				CAF07184266C08CE006B8BD3 /* MyGroups */,
				CA391080266B88720070D4AE /* MyFriends */,
			);
			path = Controllers;
			sourceTree = "<group>";
		};
		CA5A8D6C266CE76D00D7E3DB /* Models */ = {
			isa = PBXGroup;
			children = (
				CA5A8D6D266CE7ED00D7E3DB /* User.swift */,
			);
			path = Models;
			sourceTree = "<group>";
		};
		CAEDA6E0266B9EFA009878E2 /* Controller */ = {
			isa = PBXGroup;
			children = (
				CA68B5F4266BD9C000BE0DE7 /* FriendsTableViewController.swift */,
				CA5A8D69266CE6AD00D7E3DB /* FriendTableViewCell.swift */,
				CA68B5F6266BDE0800BE0DE7 /* FriendsCollectionViewController.swift */,
				CAF07182266BFD43006B8BD3 /* FriendsCollectionViewCell.swift */,
			);
			path = Controller;
			sourceTree = "<group>";
		};
		CAF07184266C08CE006B8BD3 /* MyGroups */ = {
			isa = PBXGroup;
			children = (
				CAF07185266C0912006B8BD3 /* GroupTableViewController.swift */,
			);
			path = MyGroups;
			sourceTree = "<group>";
		};
		CAF07187266C0B81006B8BD3 /* AllGroups */ = {
			isa = PBXGroup;
			children = (
				CAF07188266C0BB3006B8BD3 /* AllGroupsTableViewController.swift */,
			);
			path = AllGroups;
			sourceTree = "<group>";
		};
/* End PBXGroup section */

/* Begin PBXNativeTarget section */
		CA1C0A132663643A000D95B8 /* vkgb */ = {
			isa = PBXNativeTarget;
			buildConfigurationList = CA1C0A282663643D000D95B8 /* Build configuration list for PBXNativeTarget "vkgb" */;
			buildPhases = (
				CA1C0A102663643A000D95B8 /* Sources */,
				CA1C0A112663643A000D95B8 /* Frameworks */,
				CA1C0A122663643A000D95B8 /* Resources */,
			);
			buildRules = (
			);
			dependencies = (
			);
			name = vkgb;
			productName = vkgb;
			productReference = CA1C0A142663643A000D95B8 /* vkgb.app */;
			productType = "com.apple.product-type.application";
		};
/* End PBXNativeTarget section */

/* Begin PBXProject section */
		CA1C0A0C2663643A000D95B8 /* Project object */ = {
			isa = PBXProject;
			attributes = {
				LastSwiftUpdateCheck = 1250;
				LastUpgradeCheck = 1250;
				TargetAttributes = {
					CA1C0A132663643A000D95B8 = {
						CreatedOnToolsVersion = 12.5;
					};
				};
			};
			buildConfigurationList = CA1C0A0F2663643A000D95B8 /* Build configuration list for PBXProject "vkgb" */;
			compatibilityVersion = "Xcode 9.3";
			developmentRegion = en;
			hasScannedForEncodings = 0;
			knownRegions = (
				en,
				Base,
			);
			mainGroup = CA1C0A0B2663643A000D95B8;
			productRefGroup = CA1C0A152663643A000D95B8 /* Products */;
			projectDirPath = "";
			projectRoot = "";
			targets = (
				CA1C0A132663643A000D95B8 /* vkgb */,
			);
		};
/* End PBXProject section */

/* Begin PBXResourcesBuildPhase section */
		CA1C0A122663643A000D95B8 /* Resources */ = {
			isa = PBXResourcesBuildPhase;
			buildActionMask = 2147483647;
			files = (
				CA1C0A242663643D000D95B8 /* LaunchScreen.storyboard in Resources */,
				CA1C0A212663643D000D95B8 /* Assets.xcassets in Resources */,
				CA1C0A1F2663643A000D95B8 /* Main.storyboard in Resources */,
			);
			runOnlyForDeploymentPostprocessing = 0;
		};
/* End PBXResourcesBuildPhase section */

/* Begin PBXSourcesBuildPhase section */
		CA1C0A102663643A000D95B8 /* Sources */ = {
			isa = PBXSourcesBuildPhase;
			buildActionMask = 2147483647;
			files = (
				CA68B5F7266BDE0800BE0DE7 /* FriendsCollectionViewController.swift in Sources */,
				CA1C0A1C2663643A000D95B8 /* ViewController.swift in Sources */,
				CAF07183266BFD43006B8BD3 /* FriendsCollectionViewCell.swift in Sources */,
				CA1C0A2C266364E7000D95B8 /* LoginFormController.swift in Sources */,
				CA1C0A182663643A000D95B8 /* AppDelegate.swift in Sources */,
				CAF07189266C0BB3006B8BD3 /* AllGroupsTableViewController.swift in Sources */,
				CAF07186266C0912006B8BD3 /* GroupTableViewController.swift in Sources */,
				CA5A8D6A266CE6AD00D7E3DB /* FriendTableViewCell.swift in Sources */,
				CA1C0A1A2663643A000D95B8 /* SceneDelegate.swift in Sources */,
				CA68B5F5266BD9C000BE0DE7 /* FriendsTableViewController.swift in Sources */,
				CA5A8D6E266CE7ED00D7E3DB /* User.swift in Sources */,
			);
			runOnlyForDeploymentPostprocessing = 0;
		};
/* End PBXSourcesBuildPhase section */

/* Begin PBXVariantGroup section */
		CA1C0A1D2663643A000D95B8 /* Main.storyboard */ = {
			isa = PBXVariantGroup;
			children = (
				CA1C0A1E2663643A000D95B8 /* Base */,
			);
			name = Main.storyboard;
			sourceTree = "<group>";
		};
		CA1C0A222663643D000D95B8 /* LaunchScreen.storyboard */ = {
			isa = PBXVariantGroup;
			children = (
				CA1C0A232663643D000D95B8 /* Base */,
			);
			name = LaunchScreen.storyboard;
			sourceTree = "<group>";
		};
/* End PBXVariantGroup section */

/* Begin XCBuildConfiguration section */
		CA1C0A262663643D000D95B8 /* Debug */ = {
			isa = XCBuildConfiguration;
			buildSettings = {
				ALWAYS_SEARCH_USER_PATHS = NO;
				CLANG_ANALYZER_NONNULL = YES;
				CLANG_ANALYZER_NUMBER_OBJECT_CONVERSION = YES_AGGRESSIVE;
				CLANG_CXX_LANGUAGE_STANDARD = "gnu++14";
				CLANG_CXX_LIBRARY = "libc++";
				CLANG_ENABLE_MODULES = YES;
				CLANG_ENABLE_OBJC_ARC = YES;
				CLANG_ENABLE_OBJC_WEAK = YES;
				CLANG_WARN_BLOCK_CAPTURE_AUTORELEASING = YES;
				CLANG_WARN_BOOL_CONVERSION = YES;
				CLANG_WARN_COMMA = YES;
				CLANG_WARN_CONSTANT_CONVERSION = YES;
				CLANG_WARN_DEPRECATED_OBJC_IMPLEMENTATIONS = YES;
				CLANG_WARN_DIRECT_OBJC_ISA_USAGE = YES_ERROR;
				CLANG_WARN_DOCUMENTATION_COMMENTS = YES;
				CLANG_WARN_EMPTY_BODY = YES;
				CLANG_WARN_ENUM_CONVERSION = YES;
				CLANG_WARN_INFINITE_RECURSION = YES;
				CLANG_WARN_INT_CONVERSION = YES;
				CLANG_WARN_NON_LITERAL_NULL_CONVERSION = YES;
				CLANG_WARN_OBJC_IMPLICIT_RETAIN_SELF = YES;
				CLANG_WARN_OBJC_LITERAL_CONVERSION = YES;
				CLANG_WARN_OBJC_ROOT_CLASS = YES_ERROR;
				CLANG_WARN_QUOTED_INCLUDE_IN_FRAMEWORK_HEADER = YES;
				CLANG_WARN_RANGE_LOOP_ANALYSIS = YES;
				CLANG_WARN_STRICT_PROTOTYPES = YES;
				CLANG_WARN_SUSPICIOUS_MOVE = YES;
				CLANG_WARN_UNGUARDED_AVAILABILITY = YES_AGGRESSIVE;
				CLANG_WARN_UNREACHABLE_CODE = YES;
				CLANG_WARN__DUPLICATE_METHOD_MATCH = YES;
				COPY_PHASE_STRIP = NO;
				DEBUG_INFORMATION_FORMAT = dwarf;
				ENABLE_STRICT_OBJC_MSGSEND = YES;
				ENABLE_TESTABILITY = YES;
				GCC_C_LANGUAGE_STANDARD = gnu11;
				GCC_DYNAMIC_NO_PIC = NO;
				GCC_NO_COMMON_BLOCKS = YES;
				GCC_OPTIMIZATION_LEVEL = 0;
				GCC_PREPROCESSOR_DEFINITIONS = (
					"DEBUG=1",
					"$(inherited)",
				);
				GCC_WARN_64_TO_32_BIT_CONVERSION = YES;
				GCC_WARN_ABOUT_RETURN_TYPE = YES_ERROR;
				GCC_WARN_UNDECLARED_SELECTOR = YES;
				GCC_WARN_UNINITIALIZED_AUTOS = YES_AGGRESSIVE;
				GCC_WARN_UNUSED_FUNCTION = YES;
				GCC_WARN_UNUSED_VARIABLE = YES;
				IPHONEOS_DEPLOYMENT_TARGET = 14.5;
				MTL_ENABLE_DEBUG_INFO = INCLUDE_SOURCE;
				MTL_FAST_MATH = YES;
				ONLY_ACTIVE_ARCH = YES;
				SDKROOT = iphoneos;
				SWIFT_ACTIVE_COMPILATION_CONDITIONS = DEBUG;
				SWIFT_OPTIMIZATION_LEVEL = "-Onone";
			};
			name = Debug;
		};
		CA1C0A272663643D000D95B8 /* Release */ = {
			isa = XCBuildConfiguration;
			buildSettings = {
				ALWAYS_SEARCH_USER_PATHS = NO;
				CLANG_ANALYZER_NONNULL = YES;
				CLANG_ANALYZER_NUMBER_OBJECT_CONVERSION = YES_AGGRESSIVE;
				CLANG_CXX_LANGUAGE_STANDARD = "gnu++14";
				CLANG_CXX_LIBRARY = "libc++";
				CLANG_ENABLE_MODULES = YES;
				CLANG_ENABLE_OBJC_ARC = YES;
				CLANG_ENABLE_OBJC_WEAK = YES;
				CLANG_WARN_BLOCK_CAPTURE_AUTORELEASING = YES;
				CLANG_WARN_BOOL_CONVERSION = YES;
				CLANG_WARN_COMMA = YES;
				CLANG_WARN_CONSTANT_CONVERSION = YES;
				CLANG_WARN_DEPRECATED_OBJC_IMPLEMENTATIONS = YES;
				CLANG_WARN_DIRECT_OBJC_ISA_USAGE = YES_ERROR;
				CLANG_WARN_DOCUMENTATION_COMMENTS = YES;
				CLANG_WARN_EMPTY_BODY = YES;
				CLANG_WARN_ENUM_CONVERSION = YES;
				CLANG_WARN_INFINITE_RECURSION = YES;
				CLANG_WARN_INT_CONVERSION = YES;
				CLANG_WARN_NON_LITERAL_NULL_CONVERSION = YES;
				CLANG_WARN_OBJC_IMPLICIT_RETAIN_SELF = YES;
				CLANG_WARN_OBJC_LITERAL_CONVERSION = YES;
				CLANG_WARN_OBJC_ROOT_CLASS = YES_ERROR;
				CLANG_WARN_QUOTED_INCLUDE_IN_FRAMEWORK_HEADER = YES;
				CLANG_WARN_RANGE_LOOP_ANALYSIS = YES;
				CLANG_WARN_STRICT_PROTOTYPES = YES;
				CLANG_WARN_SUSPICIOUS_MOVE = YES;
				CLANG_WARN_UNGUARDED_AVAILABILITY = YES_AGGRESSIVE;
				CLANG_WARN_UNREACHABLE_CODE = YES;
				CLANG_WARN__DUPLICATE_METHOD_MATCH = YES;
				COPY_PHASE_STRIP = NO;
				DEBUG_INFORMATION_FORMAT = "dwarf-with-dsym";
				ENABLE_NS_ASSERTIONS = NO;
				ENABLE_STRICT_OBJC_MSGSEND = YES;
				GCC_C_LANGUAGE_STANDARD = gnu11;
				GCC_NO_COMMON_BLOCKS = YES;
				GCC_WARN_64_TO_32_BIT_CONVERSION = YES;
				GCC_WARN_ABOUT_RETURN_TYPE = YES_ERROR;
				GCC_WARN_UNDECLARED_SELECTOR = YES;
				GCC_WARN_UNINITIALIZED_AUTOS = YES_AGGRESSIVE;
				GCC_WARN_UNUSED_FUNCTION = YES;
				GCC_WARN_UNUSED_VARIABLE = YES;
				IPHONEOS_DEPLOYMENT_TARGET = 14.5;
				MTL_ENABLE_DEBUG_INFO = NO;
				MTL_FAST_MATH = YES;
				SDKROOT = iphoneos;
				SWIFT_COMPILATION_MODE = wholemodule;
				SWIFT_OPTIMIZATION_LEVEL = "-O";
				VALIDATE_PRODUCT = YES;
			};
			name = Release;
		};
		CA1C0A292663643D000D95B8 /* Debug */ = {
			isa = XCBuildConfiguration;
			buildSettings = {
				ASSETCATALOG_COMPILER_APPICON_NAME = AppIcon;
				ASSETCATALOG_COMPILER_GLOBAL_ACCENT_COLOR_NAME = AccentColor;
				CODE_SIGN_STYLE = Automatic;
				DEVELOPMENT_TEAM = 4NK62H99X6;
				INFOPLIST_FILE = vkgb/Info.plist;
				LD_RUNPATH_SEARCH_PATHS = (
					"$(inherited)",
					"@executable_path/Frameworks",
				);
				PRODUCT_BUNDLE_IDENTIFIER = jareksedy.vkgb;
				PRODUCT_NAME = "$(TARGET_NAME)";
				SWIFT_VERSION = 5.0;
				TARGETED_DEVICE_FAMILY = "1,2";
			};
			name = Debug;
		};
		CA1C0A2A2663643D000D95B8 /* Release */ = {
			isa = XCBuildConfiguration;
			buildSettings = {
				ASSETCATALOG_COMPILER_APPICON_NAME = AppIcon;
				ASSETCATALOG_COMPILER_GLOBAL_ACCENT_COLOR_NAME = AccentColor;
				CODE_SIGN_STYLE = Automatic;
				DEVELOPMENT_TEAM = 4NK62H99X6;
				INFOPLIST_FILE = vkgb/Info.plist;
				LD_RUNPATH_SEARCH_PATHS = (
					"$(inherited)",
					"@executable_path/Frameworks",
				);
				PRODUCT_BUNDLE_IDENTIFIER = jareksedy.vkgb;
				PRODUCT_NAME = "$(TARGET_NAME)";
				SWIFT_VERSION = 5.0;
				TARGETED_DEVICE_FAMILY = "1,2";
			};
			name = Release;
		};
/* End XCBuildConfiguration section */

/* Begin XCConfigurationList section */
		CA1C0A0F2663643A000D95B8 /* Build configuration list for PBXProject "vkgb" */ = {
			isa = XCConfigurationList;
			buildConfigurations = (
				CA1C0A262663643D000D95B8 /* Debug */,
				CA1C0A272663643D000D95B8 /* Release */,
			);
			defaultConfigurationIsVisible = 0;
			defaultConfigurationName = Release;
		};
		CA1C0A282663643D000D95B8 /* Build configuration list for PBXNativeTarget "vkgb" */ = {
			isa = XCConfigurationList;
			buildConfigurations = (
				CA1C0A292663643D000D95B8 /* Debug */,
				CA1C0A2A2663643D000D95B8 /* Release */,
			);
			defaultConfigurationIsVisible = 0;
			defaultConfigurationName = Release;
		};
/* End XCConfigurationList section */
	};
	rootObject = CA1C0A0C2663643A000D95B8 /* Project object */;
}
